
Microsoft Visual Studio Solution File, Format Version 12.00
# Visual Studio Version 17
VisualStudioVersion = 17.14.37314.3 d17.14
MinimumVisualStudioVersion = 10.0.40219.1
Project("{8BC9CEB8-8B4A-11D0-8D11-00A0C91BC942}") = "BrickBreaker_T1_234", "BrickBreaker_T1_234\BrickBreaker_T1_234.vcxproj", "{563E12EE-2610-4206-A022-F20263F55D58}"
EndProject
Global
	GlobalSection(SolutionConfigurationPlatforms) = preSolution
		Debug|x64 = Debug|x64
		Release|x64 = Release|x64
	EndGlobalSection
	GlobalSection(ProjectConfigurationPlatforms) = postSolution
		{563E12EE-2610-4206-A022-F20263F55D58}.Debug|x64.ActiveCfg = Debug|x64
		{563E12EE-2610-4206-A022-F20263F55D58}.Debug|x64.Build.0 = Debug|x64
		{563E12EE-2610-4206-A022-F20263F55D58}.Release|x64.ActiveCfg = Release|x64
		{563E12EE-2610-4206-A022-F20263F55D58}.Release|x64.Build.0 = Release|x64
	EndGlobalSection
	GlobalSection(SolutionProperties) = preSolution
		HideSolutionNode = FALSE
	EndGlobalSection
	GlobalSection(ExtensibilityGlobals) = postSolution
		SolutionGuid = {233C22F3-C34E-4427-9854-CC544137558F}
	EndGlobalSection
EndGlobal
